
Microsoft Visual Studio Solution File, Format Version 12.00
# Visual Studio Version 17
VisualStudioVersion = 17.3.32929.385
MinimumVisualStudioVersion = 10.0.40219.1
Project("{FAE04EC0-301F-11D3-BF4B-00C04F79EFBC}") = "GenericList", "GenericList.csproj", "{5BCB98C2-A2F6-4E5B-BB4E-A9C24170EC3D}"
EndProject
Global
	GlobalSection(SolutionConfigurationPlatforms) = preSolution
		Debug|Any CPU = Debug|Any CPU
		Release|Any CPU = Release|Any CPU
	EndGlobalSection
	GlobalSection(ProjectConfigurationPlatforms) = postSolution
		{5BCB98C2-A2F6-4E5B-BB4E-A9C24170EC3D}.Debug|Any CPU.ActiveCfg = Debug|Any CPU
		{5BCB98C2-A2F6-4E5B-BB4E-A9C24170EC3D}.Debug|Any CPU.Build.0 = Debug|Any CPU
		{5BCB98C2-A2F6-4E5B-BB4E-A9C24170EC3D}.Release|Any CPU.ActiveCfg = Release|Any CPU
		{5BCB98C2-A2F6-4E5B-BB4E-A9C24170EC3D}.Release|Any CPU.Build.0 = Release|Any CPU
	EndGlobalSection
	GlobalSection(SolutionProperties) = preSolution
		HideSolutionNode = FALSE
	EndGlobalSection
	GlobalSection(ExtensibilityGlobals) = postSolution
		SolutionGuid = {4AEB4BC5-3F8C-47B4-AE11-C7635CD21619}
	EndGlobalSection
EndGlobal
