
Microsoft Visual Studio Solution File, Format Version 12.00
# Visual Studio Version 17
VisualStudioVersion = 17.2.32630.192
MinimumVisualStudioVersion = 10.0.40219.1
Project("{FAE04EC0-301F-11D3-BF4B-00C04F79EFBC}") = "LitwareLibrary", "LitwareLibrary.csproj", "{0A353291-F9EE-44F1-9210-331AD006147F}"
EndProject
Project("{FAE04EC0-301F-11D3-BF4B-00C04F79EFBC}") = "LitwareApplication", "..\LitwareApplication\LitwareApplication.csproj", "{7302FF11-567D-46B7-8EC1-E10BB2DD684B}"
EndProject
Global
	GlobalSection(SolutionConfigurationPlatforms) = preSolution
		Debug|Any CPU = Debug|Any CPU
		Release|Any CPU = Release|Any CPU
	EndGlobalSection
	GlobalSection(ProjectConfigurationPlatforms) = postSolution
		{0A353291-F9EE-44F1-9210-331AD006147F}.Debug|Any CPU.ActiveCfg = Debug|Any CPU
		{0A353291-F9EE-44F1-9210-331AD006147F}.Debug|Any CPU.Build.0 = Debug|Any CPU
		{0A353291-F9EE-44F1-9210-331AD006147F}.Release|Any CPU.ActiveCfg = Release|Any CPU
		{0A353291-F9EE-44F1-9210-331AD006147F}.Release|Any CPU.Build.0 = Release|Any CPU
		{7302FF11-567D-46B7-8EC1-E10BB2DD684B}.Debug|Any CPU.ActiveCfg = Debug|Any CPU
		{7302FF11-567D-46B7-8EC1-E10BB2DD684B}.Debug|Any CPU.Build.0 = Debug|Any CPU
		{7302FF11-567D-46B7-8EC1-E10BB2DD684B}.Release|Any CPU.ActiveCfg = Release|Any CPU
		{7302FF11-567D-46B7-8EC1-E10BB2DD684B}.Release|Any CPU.Build.0 = Release|Any CPU
	EndGlobalSection
	GlobalSection(SolutionProperties) = preSolution
		HideSolutionNode = FALSE
	EndGlobalSection
	GlobalSection(ExtensibilityGlobals) = postSolution
		SolutionGuid = {911606FE-97FF-4D1E-B1FC-50BF73162EAD}
	EndGlobalSection
EndGlobal
