
Microsoft Visual Studio Solution File, Format Version 12.00
# Visual Studio Version 17
VisualStudioVersion = 17.3.32929.385
MinimumVisualStudioVersion = 10.0.40219.1
Project("{FAE04EC0-301F-11D3-BF4B-00C04F79EFBC}") = "TravelsProject", "TravelsProject.csproj", "{67A9A081-0E37-4272-8C3F-A752F01E5F1E}"
EndProject
Global
	GlobalSection(SolutionConfigurationPlatforms) = preSolution
		Debug|Any CPU = Debug|Any CPU
		Release|Any CPU = Release|Any CPU
	EndGlobalSection
	GlobalSection(ProjectConfigurationPlatforms) = postSolution
		{67A9A081-0E37-4272-8C3F-A752F01E5F1E}.Debug|Any CPU.ActiveCfg = Debug|Any CPU
		{67A9A081-0E37-4272-8C3F-A752F01E5F1E}.Debug|Any CPU.Build.0 = Debug|Any CPU
		{67A9A081-0E37-4272-8C3F-A752F01E5F1E}.Release|Any CPU.ActiveCfg = Release|Any CPU
		{67A9A081-0E37-4272-8C3F-A752F01E5F1E}.Release|Any CPU.Build.0 = Release|Any CPU
	EndGlobalSection
	GlobalSection(SolutionProperties) = preSolution
		HideSolutionNode = FALSE
	EndGlobalSection
	GlobalSection(ExtensibilityGlobals) = postSolution
		SolutionGuid = {9E2E1F03-6683-4E79-8E35-5A7410F24E90}
	EndGlobalSection
EndGlobal
