
Microsoft Visual Studio Solution File, Format Version 12.00
# Visual Studio Version 17
VisualStudioVersion = 17.3.32929.385
MinimumVisualStudioVersion = 10.0.40219.1
Project("{FAE04EC0-301F-11D3-BF4B-00C04F79EFBC}") = "ArrayListProj", "ArrayListProj.csproj", "{656B6C06-62F8-4BED-B50C-BC191466FD41}"
EndProject
Global
	GlobalSection(SolutionConfigurationPlatforms) = preSolution
		Debug|Any CPU = Debug|Any CPU
		Release|Any CPU = Release|Any CPU
	EndGlobalSection
	GlobalSection(ProjectConfigurationPlatforms) = postSolution
		{656B6C06-62F8-4BED-B50C-BC191466FD41}.Debug|Any CPU.ActiveCfg = Debug|Any CPU
		{656B6C06-62F8-4BED-B50C-BC191466FD41}.Debug|Any CPU.Build.0 = Debug|Any CPU
		{656B6C06-62F8-4BED-B50C-BC191466FD41}.Release|Any CPU.ActiveCfg = Release|Any CPU
		{656B6C06-62F8-4BED-B50C-BC191466FD41}.Release|Any CPU.Build.0 = Release|Any CPU
	EndGlobalSection
	GlobalSection(SolutionProperties) = preSolution
		HideSolutionNode = FALSE
	EndGlobalSection
	GlobalSection(ExtensibilityGlobals) = postSolution
		SolutionGuid = {FCC15836-ED0C-4ECE-8558-089D42A67E74}
	EndGlobalSection
EndGlobal
