
Microsoft Visual Studio Solution File, Format Version 12.00
# Visual Studio Version 17
VisualStudioVersion = 17.3.32929.385
MinimumVisualStudioVersion = 10.0.40219.1
Project("{FAE04EC0-301F-11D3-BF4B-00C04F79EFBC}") = "LinqTask", "LinqTask.csproj", "{57622887-EE35-4858-80ED-8CBB0905BCBA}"
EndProject
Global
	GlobalSection(SolutionConfigurationPlatforms) = preSolution
		Debug|Any CPU = Debug|Any CPU
		Release|Any CPU = Release|Any CPU
	EndGlobalSection
	GlobalSection(ProjectConfigurationPlatforms) = postSolution
		{57622887-EE35-4858-80ED-8CBB0905BCBA}.Debug|Any CPU.ActiveCfg = Debug|Any CPU
		{57622887-EE35-4858-80ED-8CBB0905BCBA}.Debug|Any CPU.Build.0 = Debug|Any CPU
		{57622887-EE35-4858-80ED-8CBB0905BCBA}.Release|Any CPU.ActiveCfg = Release|Any CPU
		{57622887-EE35-4858-80ED-8CBB0905BCBA}.Release|Any CPU.Build.0 = Release|Any CPU
	EndGlobalSection
	GlobalSection(SolutionProperties) = preSolution
		HideSolutionNode = FALSE
	EndGlobalSection
	GlobalSection(ExtensibilityGlobals) = postSolution
		SolutionGuid = {14C8946C-7555-4581-A57B-873A94E637A2}
	EndGlobalSection
EndGlobal
